
Microsoft Visual Studio Solution File, Format Version 12.00
# Visual Studio Version 17
VisualStudioVersion = 17.5.2.0
MinimumVisualStudioVersion = 10.0.40219.1
Project("{FAE04EC0-301F-11D3-BF4B-00C04F79EFBC}") = "MauiApp1", "MauiApp1.csproj", "{046B9634-E645-0B60-C3EC-B93245F8AD4B}"
EndProject
Project("{FAE04EC0-301F-11D3-BF4B-00C04F79EFBC}") = "MauiApp1.UnitTests", "..\MauiApp1.UnitTests\MauiApp1.UnitTests.csproj", "{FFA89F57-FD73-4279-8771-6D89309099FA}"
EndProject
Global
	GlobalSection(SolutionConfigurationPlatforms) = preSolution
		Debug|Any CPU = Debug|Any CPU
		Debug|x64 = Debug|x64
		Debug|x86 = Debug|x86
		Release|Any CPU = Release|Any CPU
		Release|x64 = Release|x64
		Release|x86 = Release|x86
	EndGlobalSection
	GlobalSection(ProjectConfigurationPlatforms) = postSolution
		{046B9634-E645-0B60-C3EC-B93245F8AD4B}.Debug|Any CPU.ActiveCfg = Debug|Any CPU
		{046B9634-E645-0B60-C3EC-B93245F8AD4B}.Debug|Any CPU.Build.0 = Debug|Any CPU
		{046B9634-E645-0B60-C3EC-B93245F8AD4B}.Debug|x64.ActiveCfg = Debug|Any CPU
		{046B9634-E645-0B60-C3EC-B93245F8AD4B}.Debug|x64.Build.0 = Debug|Any CPU
		{046B9634-E645-0B60-C3EC-B93245F8AD4B}.Debug|x86.ActiveCfg = Debug|Any CPU
		{046B9634-E645-0B60-C3EC-B93245F8AD4B}.Debug|x86.Build.0 = Debug|Any CPU
		{046B9634-E645-0B60-C3EC-B93245F8AD4B}.Release|Any CPU.ActiveCfg = Release|Any CPU
		{046B9634-E645-0B60-C3EC-B93245F8AD4B}.Release|Any CPU.Build.0 = Release|Any CPU
		{046B9634-E645-0B60-C3EC-B93245F8AD4B}.Release|x64.ActiveCfg = Release|Any CPU
		{046B9634-E645-0B60-C3EC-B93245F8AD4B}.Release|x64.Build.0 = Release|Any CPU
		{046B9634-E645-0B60-C3EC-B93245F8AD4B}.Release|x86.ActiveCfg = Release|Any CPU
		{046B9634-E645-0B60-C3EC-B93245F8AD4B}.Release|x86.Build.0 = Release|Any CPU
		{FFA89F57-FD73-4279-8771-6D89309099FA}.Debug|Any CPU.ActiveCfg = Debug|Any CPU
		{FFA89F57-FD73-4279-8771-6D89309099FA}.Debug|Any CPU.Build.0 = Debug|Any CPU
		{FFA89F57-FD73-4279-8771-6D89309099FA}.Debug|x64.ActiveCfg = Debug|Any CPU
		{FFA89F57-FD73-4279-8771-6D89309099FA}.Debug|x64.Build.0 = Debug|Any CPU
		{FFA89F57-FD73-4279-8771-6D89309099FA}.Debug|x86.ActiveCfg = Debug|Any CPU
		{FFA89F57-FD73-4279-8771-6D89309099FA}.Debug|x86.Build.0 = Debug|Any CPU
		{FFA89F57-FD73-4279-8771-6D89309099FA}.Release|Any CPU.ActiveCfg = Release|Any CPU
		{FFA89F57-FD73-4279-8771-6D89309099FA}.Release|Any CPU.Build.0 = Release|Any CPU
		{FFA89F57-FD73-4279-8771-6D89309099FA}.Release|x64.ActiveCfg = Release|Any CPU
		{FFA89F57-FD73-4279-8771-6D89309099FA}.Release|x64.Build.0 = Release|Any CPU
		{FFA89F57-FD73-4279-8771-6D89309099FA}.Release|x86.ActiveCfg = Release|Any CPU
		{FFA89F57-FD73-4279-8771-6D89309099FA}.Release|x86.Build.0 = Release|Any CPU
	EndGlobalSection
	GlobalSection(SolutionProperties) = preSolution
		HideSolutionNode = FALSE
	EndGlobalSection
	GlobalSection(ExtensibilityGlobals) = postSolution
		SolutionGuid = {1A596D20-32AA-4971-B8A8-8832D49464E3}
	EndGlobalSection
EndGlobal
